// !$*UTF8*$!
{
	archiveVersion = 1;
	classes = {
	};
	objectVersion = 77;
	objects = {

/* Begin PBXContainerItemProxy section */
		BF505D962DAFA7DF003F0ECA /* PBXContainerItemProxy */ = {
			isa = PBXContainerItemProxy;
			containerPortal = BF505D7D2DAFA7DC003F0ECA /* Project object */;
			proxyType = 1;
			remoteGlobalIDString = BF505D842DAFA7DC003F0ECA;
			remoteInfo = TrackCash;
		};
		BF505DA02DAFA7DF003F0ECA /* PBXContainerItemProxy */ = {
			isa = PBXContainerItemProxy;
			containerPortal = BF505D7D2DAFA7DC003F0ECA /* Project object */;
			proxyType = 1;
			remoteGlobalIDString = BF505D842DAFA7DC003F0ECA;
			remoteInfo = TrackCash;
		};
/* End PBXContainerItemProxy section */

/* Begin PBXFileReference section */
		BF505D852DAFA7DC003F0ECA /* TrackCash.app */ = {isa = PBXFileReference; explicitFileType = wrapper.application; includeInIndex = 0; path = TrackCash.app; sourceTree = BUILT_PRODUCTS_DIR; };
		BF505D952DAFA7DF003F0ECA /* TrackCashTests.xctest */ = {isa = PBXFileReference; explicitFileType = wrapper.cfbundle; includeInIndex = 0; path = TrackCashTests.xctest; sourceTree = BUILT_PRODUCTS_DIR; };
		BF505D9F2DAFA7DF003F0ECA /* TrackCashUITests.xctest */ = {isa = PBXFileReference; explicitFileType = wrapper.cfbundle; includeInIndex = 0; path = TrackCashUITests.xctest; sourceTree = BUILT_PRODUCTS_DIR; };
/* End PBXFileReference section */

/* Begin PBXFileSystemSynchronizedRootGroup section */
		BF505D872DAFA7DC003F0ECA /* TrackCash */ = {
			isa = PBXFileSystemSynchronizedRootGroup;
			path = TrackCash;
			sourceTree = "<group>";
		};
		BF505D982DAFA7DF003F0ECA /* TrackCashTests */ = {
			isa = PBXFileSystemSynchronizedRootGroup;
			path = TrackCashTests;
			sourceTree = "<group>";
		};
		BF505DA22DAFA7DF003F0ECA /* TrackCashUITests */ = {
			isa = PBXFileSystemSynchronizedRootGroup;
			path = TrackCashUITests;
			sourceTree = "<group>";
		};
/* End PBXFileSystemSynchronizedRootGroup section */

/* Begin PBXFrameworksBuildPhase section */
		BF505D822DAFA7DC003F0ECA /* Frameworks */ = {
			isa = PBXFrameworksBuildPhase;
			buildActionMask = 2147483647;
			files = (
			);
			runOnlyForDeploymentPostprocessing = 0;
		};
		BF505D922DAFA7DF003F0ECA /* Frameworks */ = {
			isa = PBXFrameworksBuildPhase;
			buildActionMask = 2147483647;
			files = (
			);
			runOnlyForDeploymentPostprocessing = 0;
		};
		BF505D9C2DAFA7DF003F0ECA /* Frameworks */ = {
			isa = PBXFrameworksBuildPhase;
			buildActionMask = 2147483647;
			files = (
			);
			runOnlyForDeploymentPostprocessing = 0;
		};
/* End PBXFrameworksBuildPhase section */

/* Begin PBXGroup section */
		BF505D7C2DAFA7DC003F0ECA = {
			isa = PBXGroup;
			children = (
				BF505D872DAFA7DC003F0ECA /* TrackCash */,
				BF505D982DAFA7DF003F0ECA /* TrackCashTests */,
				BF505DA22DAFA7DF003F0ECA /* TrackCashUITests */,
				BF505D862DAFA7DC003F0ECA /* Products */,
			);
			sourceTree = "<group>";
		};
		BF505D862DAFA7DC003F0ECA /* Products */ = {
			isa = PBXGroup;
			children = (
				BF505D852DAFA7DC003F0ECA /* TrackCash.app */,
				BF505D952DAFA7DF003F0ECA /* TrackCashTests.xctest */,
				BF505D9F2DAFA7DF003F0ECA /* TrackCashUITests.xctest */,
			);
			name = Products;
			sourceTree = "<group>";
		};
/* End PBXGroup section */

/* Begin PBXNativeTarget section */
		BF505D842DAFA7DC003F0ECA /* TrackCash */ = {
			isa = PBXNativeTarget;
			buildConfigurationList = BF505DA92DAFA7DF003F0ECA /* Build configuration list for PBXNativeTarget "TrackCash" */;
			buildPhases = (
				BF505D812DAFA7DC003F0ECA /* Sources */,
				BF505D822DAFA7DC003F0ECA /* Frameworks */,
				BF505D832DAFA7DC003F0ECA /* Resources */,
			);
			buildRules = (
			);
			dependencies = (
			);
			fileSystemSynchronizedGroups = (
				BF505D872DAFA7DC003F0ECA /* TrackCash */,
			);
			name = TrackCash;
			packageProductDependencies = (
			);
			productName = TrackCash;
			productReference = BF505D852DAFA7DC003F0ECA /* TrackCash.app */;
			productType = "com.apple.product-type.application";
		};
		BF505D942DAFA7DF003F0ECA /* TrackCashTests */ = {
			isa = PBXNativeTarget;
			buildConfigurationList = BF505DAC2DAFA7DF003F0ECA /* Build configuration list for PBXNativeTarget "TrackCashTests" */;
			buildPhases = (
				BF505D912DAFA7DF003F0ECA /* Sources */,
				BF505D922DAFA7DF003F0ECA /* Frameworks */,
				BF505D932DAFA7DF003F0ECA /* Resources */,
			);
			buildRules = (
			);
			dependencies = (
				BF505D972DAFA7DF003F0ECA /* PBXTargetDependency */,
			);
			fileSystemSynchronizedGroups = (
				BF505D982DAFA7DF003F0ECA /* TrackCashTests */,
			);
			name = TrackCashTests;
			packageProductDependencies = (
			);
			productName = TrackCashTests;
			productReference = BF505D952DAFA7DF003F0ECA /* TrackCashTests.xctest */;
			productType = "com.apple.product-type.bundle.unit-test";
		};
		BF505D9E2DAFA7DF003F0ECA /* TrackCashUITests */ = {
			isa = PBXNativeTarget;
			buildConfigurationList = BF505DAF2DAFA7DF003F0ECA /* Build configuration list for PBXNativeTarget "TrackCashUITests" */;
			buildPhases = (
				BF505D9B2DAFA7DF003F0ECA /* Sources */,
				BF505D9C2DAFA7DF003F0ECA /* Frameworks */,
				BF505D9D2DAFA7DF003F0ECA /* Resources */,
			);
			buildRules = (
			);
			dependencies = (
				BF505DA12DAFA7DF003F0ECA /* PBXTargetDependency */,
			);
			fileSystemSynchronizedGroups = (
				BF505DA22DAFA7DF003F0ECA /* TrackCashUITests */,
			);
			name = TrackCashUITests;
			packageProductDependencies = (
			);
			productName = TrackCashUITests;
			productReference = BF505D9F2DAFA7DF003F0ECA /* TrackCashUITests.xctest */;
			productType = "com.apple.product-type.bundle.ui-testing";
		};
/* End PBXNativeTarget section */

/* Begin PBXProject section */
		BF505D7D2DAFA7DC003F0ECA /* Project object */ = {
			isa = PBXProject;
			attributes = {
				BuildIndependentTargetsInParallel = 1;
				LastSwiftUpdateCheck = 1620;
				LastUpgradeCheck = 1620;
				TargetAttributes = {
					BF505D842DAFA7DC003F0ECA = {
						CreatedOnToolsVersion = 16.2;
					};
					BF505D942DAFA7DF003F0ECA = {
						CreatedOnToolsVersion = 16.2;
						TestTargetID = BF505D842DAFA7DC003F0ECA;
					};
					BF505D9E2DAFA7DF003F0ECA = {
						CreatedOnToolsVersion = 16.2;
						TestTargetID = BF505D842DAFA7DC003F0ECA;
					};
				};
			};
			buildConfigurationList = BF505D802DAFA7DC003F0ECA /* Build configuration list for PBXProject "TrackCash" */;
			developmentRegion = en;
			hasScannedForEncodings = 0;
			knownRegions = (
				en,
				Base,
			);
			mainGroup = BF505D7C2DAFA7DC003F0ECA;
			minimizedProjectReferenceProxies = 1;
			preferredProjectObjectVersion = 77;
			productRefGroup = BF505D862DAFA7DC003F0ECA /* Products */;
			projectDirPath = "";
			projectRoot = "";
			targets = (
				BF505D842DAFA7DC003F0ECA /* TrackCash */,
				BF505D942DAFA7DF003F0ECA /* TrackCashTests */,
				BF505D9E2DAFA7DF003F0ECA /* TrackCashUITests */,
			);
		};
/* End PBXProject section */

/* Begin PBXResourcesBuildPhase section */
		BF505D832DAFA7DC003F0ECA /* Resources */ = {
			isa = PBXResourcesBuildPhase;
			buildActionMask = 2147483647;
			files = (
			);
			runOnlyForDeploymentPostprocessing = 0;
		};
		BF505D932DAFA7DF003F0ECA /* Resources */ = {
			isa = PBXResourcesBuildPhase;
			buildActionMask = 2147483647;
			files = (
			);
			runOnlyForDeploymentPostprocessing = 0;
		};
		BF505D9D2DAFA7DF003F0ECA /* Resources */ = {
			isa = PBXResourcesBuildPhase;
			buildActionMask = 2147483647;
			files = (
			);
			runOnlyForDeploymentPostprocessing = 0;
		};
/* End PBXResourcesBuildPhase section */

/* Begin PBXSourcesBuildPhase section */
		BF505D812DAFA7DC003F0ECA /* Sources */ = {
			isa = PBXSourcesBuildPhase;
			buildActionMask = 2147483647;
			files = (
			);
			runOnlyForDeploymentPostprocessing = 0;
		};
		BF505D912DAFA7DF003F0ECA /* Sources */ = {
			isa = PBXSourcesBuildPhase;
			buildActionMask = 2147483647;
			files = (
			);
			runOnlyForDeploymentPostprocessing = 0;
		};
		BF505D9B2DAFA7DF003F0ECA /* Sources */ = {
			isa = PBXSourcesBuildPhase;
			buildActionMask = 2147483647;
			files = (
			);
			runOnlyForDeploymentPostprocessing = 0;
		};
/* End PBXSourcesBuildPhase section */

/* Begin PBXTargetDependency section */
		BF505D972DAFA7DF003F0ECA /* PBXTargetDependency */ = {
			isa = PBXTargetDependency;
			target = BF505D842DAFA7DC003F0ECA /* TrackCash */;
			targetProxy = BF505D962DAFA7DF003F0ECA /* PBXContainerItemProxy */;
		};
		BF505DA12DAFA7DF003F0ECA /* PBXTargetDependency */ = {
			isa = PBXTargetDependency;
			target = BF505D842DAFA7DC003F0ECA /* TrackCash */;
			targetProxy = BF505DA02DAFA7DF003F0ECA /* PBXContainerItemProxy */;
		};
/* End PBXTargetDependency section */

/* Begin XCBuildConfiguration section */
		BF505DA72DAFA7DF003F0ECA /* Debug */ = {
			isa = XCBuildConfiguration;
			buildSettings = {
				ALWAYS_SEARCH_USER_PATHS = NO;
				ASSETCATALOG_COMPILER_GENERATE_SWIFT_ASSET_SYMBOL_EXTENSIONS = YES;
				CLANG_ANALYZER_NONNULL = YES;
				CLANG_ANALYZER_NUMBER_OBJECT_CONVERSION = YES_AGGRESSIVE;
				CLANG_CXX_LANGUAGE_STANDARD = "gnu++20";
				CLANG_ENABLE_MODULES = YES;
				CLANG_ENABLE_OBJC_ARC = YES;
				CLANG_ENABLE_OBJC_WEAK = YES;
				CLANG_WARN_BLOCK_CAPTURE_AUTORELEASING = YES;
				CLANG_WARN_BOOL_CONVERSION = YES;
				CLANG_WARN_COMMA = YES;
				CLANG_WARN_CONSTANT_CONVERSION = YES;
				CLANG_WARN_DEPRECATED_OBJC_IMPLEMENTATIONS = YES;
				CLANG_WARN_DIRECT_OBJC_ISA_USAGE = YES_ERROR;
				CLANG_WARN_DOCUMENTATION_COMMENTS = YES;
				CLANG_WARN_EMPTY_BODY = YES;
				CLANG_WARN_ENUM_CONVERSION = YES;
				CLANG_WARN_INFINITE_RECURSION = YES;
				CLANG_WARN_INT_CONVERSION = YES;
				CLANG_WARN_NON_LITERAL_NULL_CONVERSION = YES;
				CLANG_WARN_OBJC_IMPLICIT_RETAIN_SELF = YES;
				CLANG_WARN_OBJC_LITERAL_CONVERSION = YES;
				CLANG_WARN_OBJC_ROOT_CLASS = YES_ERROR;
				CLANG_WARN_QUOTED_INCLUDE_IN_FRAMEWORK_HEADER = YES;
				CLANG_WARN_RANGE_LOOP_ANALYSIS = YES;
				CLANG_WARN_STRICT_PROTOTYPES = YES;
				CLANG_WARN_SUSPICIOUS_MOVE = YES;
				CLANG_WARN_UNGUARDED_AVAILABILITY = YES_AGGRESSIVE;
				CLANG_WARN_UNREACHABLE_CODE = YES;
				CLANG_WARN__DUPLICATE_METHOD_MATCH = YES;
				COPY_PHASE_STRIP = NO;
				DEBUG_INFORMATION_FORMAT = dwarf;
				ENABLE_STRICT_OBJC_MSGSEND = YES;
				ENABLE_TESTABILITY = YES;
				ENABLE_USER_SCRIPT_SANDBOXING = YES;
				GCC_C_LANGUAGE_STANDARD = gnu17;
				GCC_DYNAMIC_NO_PIC = NO;
				GCC_NO_COMMON_BLOCKS = YES;
				GCC_OPTIMIZATION_LEVEL = 0;
				GCC_PREPROCESSOR_DEFINITIONS = (
					"DEBUG=1",
					"$(inherited)",
				);
				GCC_WARN_64_TO_32_BIT_CONVERSION = YES;
				GCC_WARN_ABOUT_RETURN_TYPE = YES_ERROR;
				GCC_WARN_UNDECLARED_SELECTOR = YES;
				GCC_WARN_UNINITIALIZED_AUTOS = YES_AGGRESSIVE;
				GCC_WARN_UNUSED_FUNCTION = YES;
				GCC_WARN_UNUSED_VARIABLE = YES;
				IPHONEOS_DEPLOYMENT_TARGET = 18.2;
				LOCALIZATION_PREFERS_STRING_CATALOGS = YES;
				MTL_ENABLE_DEBUG_INFO = INCLUDE_SOURCE;
				MTL_FAST_MATH = YES;
				ONLY_ACTIVE_ARCH = YES;
				SDKROOT = iphoneos;
				SWIFT_ACTIVE_COMPILATION_CONDITIONS = "DEBUG $(inherited)";
				SWIFT_OPTIMIZATION_LEVEL = "-Onone";
			};
			name = Debug;
		};
		BF505DA82DAFA7DF003F0ECA /* Release */ = {
			isa = XCBuildConfiguration;
			buildSettings = {
				ALWAYS_SEARCH_USER_PATHS = NO;
				ASSETCATALOG_COMPILER_GENERATE_SWIFT_ASSET_SYMBOL_EXTENSIONS = YES;
				CLANG_ANALYZER_NONNULL = YES;
				CLANG_ANALYZER_NUMBER_OBJECT_CONVERSION = YES_AGGRESSIVE;
				CLANG_CXX_LANGUAGE_STANDARD = "gnu++20";
				CLANG_ENABLE_MODULES = YES;
				CLANG_ENABLE_OBJC_ARC = YES;
				CLANG_ENABLE_OBJC_WEAK = YES;
				CLANG_WARN_BLOCK_CAPTURE_AUTORELEASING = YES;
				CLANG_WARN_BOOL_CONVERSION = YES;
				CLANG_WARN_COMMA = YES;
				CLANG_WARN_CONSTANT_CONVERSION = YES;
				CLANG_WARN_DEPRECATED_OBJC_IMPLEMENTATIONS = YES;
				CLANG_WARN_DIRECT_OBJC_ISA_USAGE = YES_ERROR;
				CLANG_WARN_DOCUMENTATION_COMMENTS = YES;
				CLANG_WARN_EMPTY_BODY = YES;
				CLANG_WARN_ENUM_CONVERSION = YES;
				CLANG_WARN_INFINITE_RECURSION = YES;
				CLANG_WARN_INT_CONVERSION = YES;
				CLANG_WARN_NON_LITERAL_NULL_CONVERSION = YES;
				CLANG_WARN_OBJC_IMPLICIT_RETAIN_SELF = YES;
				CLANG_WARN_OBJC_LITERAL_CONVERSION = YES;
				CLANG_WARN_OBJC_ROOT_CLASS = YES_ERROR;
				CLANG_WARN_QUOTED_INCLUDE_IN_FRAMEWORK_HEADER = YES;
				CLANG_WARN_RANGE_LOOP_ANALYSIS = YES;
				CLANG_WARN_STRICT_PROTOTYPES = YES;
				CLANG_WARN_SUSPICIOUS_MOVE = YES;
				CLANG_WARN_UNGUARDED_AVAILABILITY = YES_AGGRESSIVE;
				CLANG_WARN_UNREACHABLE_CODE = YES;
				CLANG_WARN__DUPLICATE_METHOD_MATCH = YES;
				COPY_PHASE_STRIP = NO;
				DEBUG_INFORMATION_FORMAT = "dwarf-with-dsym";
				ENABLE_NS_ASSERTIONS = NO;
				ENABLE_STRICT_OBJC_MSGSEND = YES;
				ENABLE_USER_SCRIPT_SANDBOXING = YES;
				GCC_C_LANGUAGE_STANDARD = gnu17;
				GCC_NO_COMMON_BLOCKS = YES;
				GCC_WARN_64_TO_32_BIT_CONVERSION = YES;
				GCC_WARN_ABOUT_RETURN_TYPE = YES_ERROR;
				GCC_WARN_UNDECLARED_SELECTOR = YES;
				GCC_WARN_UNINITIALIZED_AUTOS = YES_AGGRESSIVE;
				GCC_WARN_UNUSED_FUNCTION = YES;
				GCC_WARN_UNUSED_VARIABLE = YES;
				IPHONEOS_DEPLOYMENT_TARGET = 18.2;
				LOCALIZATION_PREFERS_STRING_CATALOGS = YES;
				MTL_ENABLE_DEBUG_INFO = NO;
				MTL_FAST_MATH = YES;
				SDKROOT = iphoneos;
				SWIFT_COMPILATION_MODE = wholemodule;
				VALIDATE_PRODUCT = YES;
			};
			name = Release;
		};
		BF505DAA2DAFA7DF003F0ECA /* Debug */ = {
			isa = XCBuildConfiguration;
			buildSettings = {
				ASSETCATALOG_COMPILER_APPICON_NAME = AppIcon;
				ASSETCATALOG_COMPILER_GLOBAL_ACCENT_COLOR_NAME = AccentColor;
				CODE_SIGN_STYLE = Automatic;
				CURRENT_PROJECT_VERSION = 1;
				DEVELOPMENT_ASSET_PATHS = "\"TrackCash/Preview Content\"";
				ENABLE_PREVIEWS = YES;
				GENERATE_INFOPLIST_FILE = YES;
				INFOPLIST_KEY_UIApplicationSceneManifest_Generation = YES;
				INFOPLIST_KEY_UIApplicationSupportsIndirectInputEvents = YES;
				INFOPLIST_KEY_UILaunchScreen_Generation = YES;
				INFOPLIST_KEY_UISupportedInterfaceOrientations_iPad = "UIInterfaceOrientationPortrait UIInterfaceOrientationPortraitUpsideDown UIInterfaceOrientationLandscapeLeft UIInterfaceOrientationLandscapeRight";
				INFOPLIST_KEY_UISupportedInterfaceOrientations_iPhone = "UIInterfaceOrientationPortrait UIInterfaceOrientationLandscapeLeft UIInterfaceOrientationLandscapeRight";
				LD_RUNPATH_SEARCH_PATHS = (
					"$(inherited)",
					"@executable_path/Frameworks",
				);
				MARKETING_VERSION = 1.0;
				PRODUCT_BUNDLE_IDENTIFIER = com.atharvadagaonkar.TrackCash;
				PRODUCT_NAME = "$(TARGET_NAME)";
				SWIFT_EMIT_LOC_STRINGS = YES;
				SWIFT_VERSION = 5.0;
				TARGETED_DEVICE_FAMILY = "1,2";
			};
			name = Debug;
		};
		BF505DAB2DAFA7DF003F0ECA /* Release */ = {
			isa = XCBuildConfiguration;
			buildSettings = {
				ASSETCATALOG_COMPILER_APPICON_NAME = AppIcon;
				ASSETCATALOG_COMPILER_GLOBAL_ACCENT_COLOR_NAME = AccentColor;
				CODE_SIGN_STYLE = Automatic;
				CURRENT_PROJECT_VERSION = 1;
				DEVELOPMENT_ASSET_PATHS = "\"TrackCash/Preview Content\"";
				ENABLE_PREVIEWS = YES;
				GENERATE_INFOPLIST_FILE = YES;
				INFOPLIST_KEY_UIApplicationSceneManifest_Generation = YES;
				INFOPLIST_KEY_UIApplicationSupportsIndirectInputEvents = YES;
				INFOPLIST_KEY_UILaunchScreen_Generation = YES;
				INFOPLIST_KEY_UISupportedInterfaceOrientations_iPad = "UIInterfaceOrientationPortrait UIInterfaceOrientationPortraitUpsideDown UIInterfaceOrientationLandscapeLeft UIInterfaceOrientationLandscapeRight";
				INFOPLIST_KEY_UISupportedInterfaceOrientations_iPhone = "UIInterfaceOrientationPortrait UIInterfaceOrientationLandscapeLeft UIInterfaceOrientationLandscapeRight";
				LD_RUNPATH_SEARCH_PATHS = (
					"$(inherited)",
					"@executable_path/Frameworks",
				);
				MARKETING_VERSION = 1.0;
				PRODUCT_BUNDLE_IDENTIFIER = com.atharvadagaonkar.TrackCash;
				PRODUCT_NAME = "$(TARGET_NAME)";
				SWIFT_EMIT_LOC_STRINGS = YES;
				SWIFT_VERSION = 5.0;
				TARGETED_DEVICE_FAMILY = "1,2";
			};
			name = Release;
		};
		BF505DAD2DAFA7DF003F0ECA /* Debug */ = {
			isa = XCBuildConfiguration;
			buildSettings = {
				BUNDLE_LOADER = "$(TEST_HOST)";
				CODE_SIGN_STYLE = Automatic;
				CURRENT_PROJECT_VERSION = 1;
				GENERATE_INFOPLIST_FILE = YES;
				IPHONEOS_DEPLOYMENT_TARGET = 18.2;
				MARKETING_VERSION = 1.0;
				PRODUCT_BUNDLE_IDENTIFIER = com.atharvadagaonkar.TrackCashTests;
				PRODUCT_NAME = "$(TARGET_NAME)";
				SWIFT_EMIT_LOC_STRINGS = NO;
				SWIFT_VERSION = 5.0;
				TARGETED_DEVICE_FAMILY = "1,2";
				TEST_HOST = "$(BUILT_PRODUCTS_DIR)/TrackCash.app/$(BUNDLE_EXECUTABLE_FOLDER_PATH)/TrackCash";
			};
			name = Debug;
		};
		BF505DAE2DAFA7DF003F0ECA /* Release */ = {
			isa = XCBuildConfiguration;
			buildSettings = {
				BUNDLE_LOADER = "$(TEST_HOST)";
				CODE_SIGN_STYLE = Automatic;
				CURRENT_PROJECT_VERSION = 1;
				GENERATE_INFOPLIST_FILE = YES;
				IPHONEOS_DEPLOYMENT_TARGET = 18.2;
				MARKETING_VERSION = 1.0;
				PRODUCT_BUNDLE_IDENTIFIER = com.atharvadagaonkar.TrackCashTests;
				PRODUCT_NAME = "$(TARGET_NAME)";
				SWIFT_EMIT_LOC_STRINGS = NO;
				SWIFT_VERSION = 5.0;
				TARGETED_DEVICE_FAMILY = "1,2";
				TEST_HOST = "$(BUILT_PRODUCTS_DIR)/TrackCash.app/$(BUNDLE_EXECUTABLE_FOLDER_PATH)/TrackCash";
			};
			name = Release;
		};
		BF505DB02DAFA7DF003F0ECA /* Debug */ = {
			isa = XCBuildConfiguration;
			buildSettings = {
				CODE_SIGN_STYLE = Automatic;
				CURRENT_PROJECT_VERSION = 1;
				GENERATE_INFOPLIST_FILE = YES;
				MARKETING_VERSION = 1.0;
				PRODUCT_BUNDLE_IDENTIFIER = com.atharvadagaonkar.TrackCashUITests;
				PRODUCT_NAME = "$(TARGET_NAME)";
				SWIFT_EMIT_LOC_STRINGS = NO;
				SWIFT_VERSION = 5.0;
				TARGETED_DEVICE_FAMILY = "1,2";
				TEST_TARGET_NAME = TrackCash;
			};
			name = Debug;
		};
		BF505DB12DAFA7DF003F0ECA /* Release */ = {
			isa = XCBuildConfiguration;
			buildSettings = {
				CODE_SIGN_STYLE = Automatic;
				CURRENT_PROJECT_VERSION = 1;
				GENERATE_INFOPLIST_FILE = YES;
				MARKETING_VERSION = 1.0;
				PRODUCT_BUNDLE_IDENTIFIER = com.atharvadagaonkar.TrackCashUITests;
				PRODUCT_NAME = "$(TARGET_NAME)";
				SWIFT_EMIT_LOC_STRINGS = NO;
				SWIFT_VERSION = 5.0;
				TARGETED_DEVICE_FAMILY = "1,2";
				TEST_TARGET_NAME = TrackCash;
			};
			name = Release;
		};
/* End XCBuildConfiguration section */

/* Begin XCConfigurationList section */
		BF505D802DAFA7DC003F0ECA /* Build configuration list for PBXProject "TrackCash" */ = {
			isa = XCConfigurationList;
			buildConfigurations = (
				BF505DA72DAFA7DF003F0ECA /* Debug */,
				BF505DA82DAFA7DF003F0ECA /* Release */,
			);
			defaultConfigurationIsVisible = 0;
			defaultConfigurationName = Release;
		};
		BF505DA92DAFA7DF003F0ECA /* Build configuration list for PBXNativeTarget "TrackCash" */ = {
			isa = XCConfigurationList;
			buildConfigurations = (
				BF505DAA2DAFA7DF003F0ECA /* Debug */,
				BF505DAB2DAFA7DF003F0ECA /* Release */,
			);
			defaultConfigurationIsVisible = 0;
			defaultConfigurationName = Release;
		};
		BF505DAC2DAFA7DF003F0ECA /* Build configuration list for PBXNativeTarget "TrackCashTests" */ = {
			isa = XCConfigurationList;
			buildConfigurations = (
				BF505DAD2DAFA7DF003F0ECA /* Debug */,
				BF505DAE2DAFA7DF003F0ECA /* Release */,
			);
			defaultConfigurationIsVisible = 0;
			defaultConfigurationName = Release;
		};
		BF505DAF2DAFA7DF003F0ECA /* Build configuration list for PBXNativeTarget "TrackCashUITests" */ = {
			isa = XCConfigurationList;
			buildConfigurations = (
				BF505DB02DAFA7DF003F0ECA /* Debug */,
				BF505DB12DAFA7DF003F0ECA /* Release */,
			);
			defaultConfigurationIsVisible = 0;
			defaultConfigurationName = Release;
		};
/* End XCConfigurationList section */
	};
	rootObject = BF505D7D2DAFA7DC003F0ECA /* Project object */;
}
